
Microsoft Visual Studio Solution File, Format Version 12.00
# Visual Studio Version 17
VisualStudioVersion = 17.5.33424.131
MinimumVisualStudioVersion = 10.0.40219.1
Project("{8BC9CEB8-8B4A-11D0-8D11-00A0C91BC942}") = "Bubblesort", "Bubblesort\Bubblesort.vcxproj", "{53E8B98C-6BD0-4DAE-989A-C460693D5DE3}"
EndProject
Global
	GlobalSection(SolutionConfigurationPlatforms) = preSolution
		Debug|x64 = Debug|x64
		Debug|x86 = Debug|x86
		Release|x64 = Release|x64
		Release|x86 = Release|x86
	EndGlobalSection
	GlobalSection(ProjectConfigurationPlatforms) = postSolution
		{53E8B98C-6BD0-4DAE-989A-C460693D5DE3}.Debug|x64.ActiveCfg = Debug|x64
		{53E8B98C-6BD0-4DAE-989A-C460693D5DE3}.Debug|x64.Build.0 = Debug|x64
		{53E8B98C-6BD0-4DAE-989A-C460693D5DE3}.Debug|x86.ActiveCfg = Debug|Win32
		{53E8B98C-6BD0-4DAE-989A-C460693D5DE3}.Debug|x86.Build.0 = Debug|Win32
		{53E8B98C-6BD0-4DAE-989A-C460693D5DE3}.Release|x64.ActiveCfg = Release|x64
		{53E8B98C-6BD0-4DAE-989A-C460693D5DE3}.Release|x64.Build.0 = Release|x64
		{53E8B98C-6BD0-4DAE-989A-C460693D5DE3}.Release|x86.ActiveCfg = Release|Win32
		{53E8B98C-6BD0-4DAE-989A-C460693D5DE3}.Release|x86.Build.0 = Release|Win32
	EndGlobalSection
	GlobalSection(SolutionProperties) = preSolution
		HideSolutionNode = FALSE
	EndGlobalSection
	GlobalSection(ExtensibilityGlobals) = postSolution
		SolutionGuid = {FC2C9E3E-0555-443F-8868-3D12716C2CFC}
	EndGlobalSection
EndGlobal
